Microsoft Visual Studio Solution File, Format Version 8.00
Project("{8BC9CEB8-8B4A-11D0-8D11-00A0C91BC942}") = "utext", "utext.vcproj", "{86C056E1-6221-4BDF-853C-0BA1EB81953C}"
	ProjectSection(ProjectDependencies) = postProject
	EndProjectSection
EndProject
Global
	GlobalSection(SolutionConfiguration) = preSolution
		Debug = Debug
		Release = Release
	EndGlobalSection
	GlobalSection(ProjectConfiguration) = postSolution
		{86C056E1-6221-4BDF-853C-0BA1EB81953C}.Debug.ActiveCfg = Debug|Win32
		{86C056E1-6221-4BDF-853C-0BA1EB81953C}.Debug.Build.0 = Debug|Win32
		{86C056E1-6221-4BDF-853C-0BA1EB81953C}.Release.ActiveCfg = Release|Win32
		{86C056E1-6221-4BDF-853C-0BA1EB81953C}.Release.Build.0 = Release|Win32
	EndGlobalSection
	GlobalSection(ExtensibilityGlobals) = postSolution
	EndGlobalSection
	GlobalSection(ExtensibilityAddIns) = postSolution
	EndGlobalSection
EndGlobal
